
Microsoft Visual Studio Solution File, Format Version 12.00
# Visual Studio 15
VisualStudioVersion = 15.0.28010.2036
MinimumVisualStudioVersion = 10.0.40219.1
Project("{FAE04EC0-301F-11D3-BF4B-00C04F79EFBC}") = "_1oT", "1oT\_1oT.csproj", "{5072B94C-D4CD-4330-9BEB-D8221B9CDCAF}"
EndProject
Global
	GlobalSection(SolutionConfigurationPlatforms) = preSolution
		Debug|ARM = Debug|ARM
		Debug|x64 = Debug|x64
		Debug|x86 = Debug|x86
		Release|ARM = Release|ARM
		Release|x64 = Release|x64
		Release|x86 = Release|x86
	EndGlobalSection
	GlobalSection(ProjectConfigurationPlatforms) = postSolution
		{5072B94C-D4CD-4330-9BEB-D8221B9CDCAF}.Debug|ARM.ActiveCfg = Debug|ARM
		{5072B94C-D4CD-4330-9BEB-D8221B9CDCAF}.Debug|ARM.Build.0 = Debug|ARM
		{5072B94C-D4CD-4330-9BEB-D8221B9CDCAF}.Debug|ARM.Deploy.0 = Debug|ARM
		{5072B94C-D4CD-4330-9BEB-D8221B9CDCAF}.Debug|x64.ActiveCfg = Debug|x64
		{5072B94C-D4CD-4330-9BEB-D8221B9CDCAF}.Debug|x64.Build.0 = Debug|x64
		{5072B94C-D4CD-4330-9BEB-D8221B9CDCAF}.Debug|x64.Deploy.0 = Debug|x64
		{5072B94C-D4CD-4330-9BEB-D8221B9CDCAF}.Debug|x86.ActiveCfg = Debug|x86
		{5072B94C-D4CD-4330-9BEB-D8221B9CDCAF}.Debug|x86.Build.0 = Debug|x86
		{5072B94C-D4CD-4330-9BEB-D8221B9CDCAF}.Debug|x86.Deploy.0 = Debug|x86
		{5072B94C-D4CD-4330-9BEB-D8221B9CDCAF}.Release|ARM.ActiveCfg = Release|ARM
		{5072B94C-D4CD-4330-9BEB-D8221B9CDCAF}.Release|ARM.Build.0 = Release|ARM
		{5072B94C-D4CD-4330-9BEB-D8221B9CDCAF}.Release|ARM.Deploy.0 = Release|ARM
		{5072B94C-D4CD-4330-9BEB-D8221B9CDCAF}.Release|x64.ActiveCfg = Release|x64
		{5072B94C-D4CD-4330-9BEB-D8221B9CDCAF}.Release|x64.Build.0 = Release|x64
		{5072B94C-D4CD-4330-9BEB-D8221B9CDCAF}.Release|x64.Deploy.0 = Release|x64
		{5072B94C-D4CD-4330-9BEB-D8221B9CDCAF}.Release|x86.ActiveCfg = Release|x86
		{5072B94C-D4CD-4330-9BEB-D8221B9CDCAF}.Release|x86.Build.0 = Release|x86
		{5072B94C-D4CD-4330-9BEB-D8221B9CDCAF}.Release|x86.Deploy.0 = Release|x86
	EndGlobalSection
	GlobalSection(SolutionProperties) = preSolution
		HideSolutionNode = FALSE
	EndGlobalSection
	GlobalSection(ExtensibilityGlobals) = postSolution
		SolutionGuid = {CAF45726-277E-4270-8E2C-073CCD891D73}
	EndGlobalSection
EndGlobal
